<?xml version="1.0" encoding="utf-8"?>
<Project ToolsVersion="4.0" xmlns="http://schemas.microsoft.com/developer/msbuild/2003">
  <ItemGroup>
    <Filter Include="Source Files">
      <UniqueIdentifier>{4FC737F1-C7A5-4376-A066-2A32D752A2FF}</UniqueIdentifier>
      <Extensions>cpp;c;cc;cxx;def;odl;idl;hpj;bat;asm;asmx</Extensions>
    </Filter>
    <Filter Include="Header Files">
      <UniqueIdentifier>{93995380-89BD-4b04-88EB-625FBE52EBFB}</UniqueIdentifier>
      <Extensions>h;hpp;hxx;hm;inl;inc;xsd</Extensions>
    </Filter>
    <Filter Include="Resource Files">
      <UniqueIdentifier>{67DA6AB6-F800-4c08-8B7A-83BB121AAD01}</UniqueIdentifier>
      <Extensions>rc;ico;cur;bmp;dlg;rc2;rct;bin;rgs;gif;jpg;jpeg;jpe;resx;tiff;tif;png;wav;mfcribbon-ms</Extensions>
    </Filter>
    <Filter Include="assets">
      <UniqueIdentifier>{a281aeac-1b9c-4e0d-bc35-d34bf3cd64ba}</UniqueIdentifier>
    </Filter>
    <Filter Include="shaders">
      <UniqueIdentifier>{71910127-0f7d-4a3f-9f17-45c8c64bb103}</UniqueIdentifier>
    </Filter>
  </ItemGroup>
  <ItemGroup>
    <ClCompile Include="main.cpp">
      <Filter>Source Files</Filter>
    </ClCompile>
    <ClCompile Include="GLSetup.cpp">
      <Filter>Source Files</Filter>
    </ClCompile>
    <ClCompile Include="Model3D.cpp">
      <Filter>Source Files</Filter>
    </ClCompile>
    <ClCompile Include="Object3D.cpp">
      <Filter>Source Files</Filter>
    </ClCompile>
  </ItemGroup>
  <ItemGroup>
    <ClInclude Include="GLSetup.h">
      <Filter>Header Files</Filter>
    </ClInclude>
    <ClInclude Include="Utils.h">
      <Filter>Header Files</Filter>
    </ClInclude>
    <ClInclude Include="Matrix.h">
      <Filter>Header Files</Filter>
    </ClInclude>
    <ClInclude Include="RenderingContext.h">
      <Filter>Header Files</Filter>
    </ClInclude>
    <ClInclude Include="Model3D.h">
      <Filter>Header Files</Filter>
    </ClInclude>
    <ClInclude Include="Object3D.h">
      <Filter>Header Files</Filter>
    </ClInclude>
    <ClInclude Include="testing.h">
      <Filter>Header Files</Filter>
    </ClInclude>
    <ClInclude Include="picker.h">
      <Filter>Header Files</Filter>
    </ClInclude>
    <ClInclude Include="enviroment.h">
      <Filter>Header Files</Filter>
    </ClInclude>
    <ClInclude Include="staticgeom.h">
      <Filter>Header Files</Filter>
    </ClInclude>
  </ItemGroup>
  <ItemGroup>
    <Text Include="fragshader.txt">
      <Filter>shaders</Filter>
    </Text>
    <Text Include="vertshader.txt">
      <Filter>shaders</Filter>
    </Text>
    <Text Include="nfragshader.txt">
      <Filter>shaders</Filter>
    </Text>
    <Text Include="nvertshader.txt">
      <Filter>shaders</Filter>
    </Text>
  </ItemGroup>
  <ItemGroup>
    <None Include="assets\Box-nouv.3dm">
      <Filter>assets</Filter>
    </None>
    <None Include="assets\car.3dm">
      <Filter>assets</Filter>
    </None>
    <None Include="assets\cilinder-nouv.3dm">
      <Filter>assets</Filter>
    </None>
    <None Include="assets\sphere2-nouv.3dm">
      <Filter>assets</Filter>
    </None>
    <None Include="assets\Sphere-nouv.3dm">
      <Filter>assets</Filter>
    </None>
  </ItemGroup>
</Project>